
Microsoft Visual Studio Solution File, Format Version 12.00
# Visual Studio 15
VisualStudioVersion = 15.0.28010.2046
MinimumVisualStudioVersion = 10.0.40219.1
Project("{FAE04EC0-301F-11D3-BF4B-00C04F79EFBC}") = "WebApiToken", "WebApiToken\WebApiToken.csproj", "{7E0B6503-4A1C-4952-B7C8-BA5DF8912E58}"
EndProject
Project("{FAE04EC0-301F-11D3-BF4B-00C04F79EFBC}") = "FormsAppClient", "FormsAppClient\FormsAppClient.csproj", "{A051B88B-9FF7-4499-8AAC-2BAA02E2169E}"
EndProject
Global
	GlobalSection(SolutionConfigurationPlatforms) = preSolution
		Debug|Any CPU = Debug|Any CPU
		Release|Any CPU = Release|Any CPU
	EndGlobalSection
	GlobalSection(ProjectConfigurationPlatforms) = postSolution
		{7E0B6503-4A1C-4952-B7C8-BA5DF8912E58}.Debug|Any CPU.ActiveCfg = Debug|Any CPU
		{7E0B6503-4A1C-4952-B7C8-BA5DF8912E58}.Debug|Any CPU.Build.0 = Debug|Any CPU
		{7E0B6503-4A1C-4952-B7C8-BA5DF8912E58}.Release|Any CPU.ActiveCfg = Release|Any CPU
		{7E0B6503-4A1C-4952-B7C8-BA5DF8912E58}.Release|Any CPU.Build.0 = Release|Any CPU
		{A051B88B-9FF7-4499-8AAC-2BAA02E2169E}.Debug|Any CPU.ActiveCfg = Debug|Any CPU
		{A051B88B-9FF7-4499-8AAC-2BAA02E2169E}.Debug|Any CPU.Build.0 = Debug|Any CPU
		{A051B88B-9FF7-4499-8AAC-2BAA02E2169E}.Release|Any CPU.ActiveCfg = Release|Any CPU
		{A051B88B-9FF7-4499-8AAC-2BAA02E2169E}.Release|Any CPU.Build.0 = Release|Any CPU
	EndGlobalSection
	GlobalSection(SolutionProperties) = preSolution
		HideSolutionNode = FALSE
	EndGlobalSection
	GlobalSection(ExtensibilityGlobals) = postSolution
		SolutionGuid = {3BBE289D-255E-42B6-BE3F-DF45C0984310}
	EndGlobalSection
EndGlobal
